
Microsoft Visual Studio Solution File, Format Version 12.00
# Visual Studio Version 17
VisualStudioVersion = 17.8.34511.84
MinimumVisualStudioVersion = 10.0.40219.1
Project("{2150E333-8FDC-42A3-9474-1A3956D46DE8}") = "Services", "Services", "{57E1BCD6-ABC3-46FC-B2D6-5BFC1C08485F}"
EndProject
Project("{2150E333-8FDC-42A3-9474-1A3956D46DE8}") = "Catalog", "Catalog", "{72532BFF-0EC6-4664-97BC-EAD926D8E973}"
EndProject
Project("{9A19103F-16F7-4668-BE54-9A1E7A4F7556}") = "Catalog.API", "Services\Catalog\Catalog.API\Catalog.API.csproj", "{464D1707-6CD8-45D9-BB5A-3DCF312CBEC6}"
EndProject
Project("{2150E333-8FDC-42A3-9474-1A3956D46DE8}") = "BuildingBlocks", "BuildingBlocks", "{624FAB82-D949-44F9-94CD-AC52BBB63D0E}"
EndProject
Project("{9A19103F-16F7-4668-BE54-9A1E7A4F7556}") = "BuildingBlocks", "BuildingBlocks\BuildingBlocks\BuildingBlocks.csproj", "{3780CEF0-392E-461E-949F-17D2ADEF32F7}"
EndProject
Project("{E53339B2-1760-4266-BCC7-CA923CBCF16C}") = "docker-compose", "docker-compose.dcproj", "{4A74AE80-63BF-4D58-9015-6336D873FC4E}"
EndProject
Project("{2150E333-8FDC-42A3-9474-1A3956D46DE8}") = "Basket", "Basket", "{7FDAB4F3-B0F3-43FE-88FD-EE284E0370AA}"
EndProject
Project("{FAE04EC0-301F-11D3-BF4B-00C04F79EFBC}") = "Basket.API", "Services\Basket.API\Basket.API.csproj", "{3582D42C-8DAC-4928-8E76-5DEC3544D137}"
EndProject
Global
	GlobalSection(SolutionConfigurationPlatforms) = preSolution
		Debug|Any CPU = Debug|Any CPU
		Release|Any CPU = Release|Any CPU
	EndGlobalSection
	GlobalSection(ProjectConfigurationPlatforms) = postSolution
		{464D1707-6CD8-45D9-BB5A-3DCF312CBEC6}.Debug|Any CPU.ActiveCfg = Debug|Any CPU
		{464D1707-6CD8-45D9-BB5A-3DCF312CBEC6}.Debug|Any CPU.Build.0 = Debug|Any CPU
		{464D1707-6CD8-45D9-BB5A-3DCF312CBEC6}.Release|Any CPU.ActiveCfg = Release|Any CPU
		{464D1707-6CD8-45D9-BB5A-3DCF312CBEC6}.Release|Any CPU.Build.0 = Release|Any CPU
		{3780CEF0-392E-461E-949F-17D2ADEF32F7}.Debug|Any CPU.ActiveCfg = Debug|Any CPU
		{3780CEF0-392E-461E-949F-17D2ADEF32F7}.Debug|Any CPU.Build.0 = Debug|Any CPU
		{3780CEF0-392E-461E-949F-17D2ADEF32F7}.Release|Any CPU.ActiveCfg = Release|Any CPU
		{3780CEF0-392E-461E-949F-17D2ADEF32F7}.Release|Any CPU.Build.0 = Release|Any CPU
		{4A74AE80-63BF-4D58-9015-6336D873FC4E}.Debug|Any CPU.ActiveCfg = Debug|Any CPU
		{4A74AE80-63BF-4D58-9015-6336D873FC4E}.Debug|Any CPU.Build.0 = Debug|Any CPU
		{4A74AE80-63BF-4D58-9015-6336D873FC4E}.Release|Any CPU.ActiveCfg = Release|Any CPU
		{4A74AE80-63BF-4D58-9015-6336D873FC4E}.Release|Any CPU.Build.0 = Release|Any CPU
		{3582D42C-8DAC-4928-8E76-5DEC3544D137}.Debug|Any CPU.ActiveCfg = Debug|Any CPU
		{3582D42C-8DAC-4928-8E76-5DEC3544D137}.Debug|Any CPU.Build.0 = Debug|Any CPU
		{3582D42C-8DAC-4928-8E76-5DEC3544D137}.Release|Any CPU.ActiveCfg = Release|Any CPU
		{3582D42C-8DAC-4928-8E76-5DEC3544D137}.Release|Any CPU.Build.0 = Release|Any CPU
	EndGlobalSection
	GlobalSection(SolutionProperties) = preSolution
		HideSolutionNode = FALSE
	EndGlobalSection
	GlobalSection(NestedProjects) = preSolution
		{72532BFF-0EC6-4664-97BC-EAD926D8E973} = {57E1BCD6-ABC3-46FC-B2D6-5BFC1C08485F}
		{464D1707-6CD8-45D9-BB5A-3DCF312CBEC6} = {72532BFF-0EC6-4664-97BC-EAD926D8E973}
		{3780CEF0-392E-461E-949F-17D2ADEF32F7} = {624FAB82-D949-44F9-94CD-AC52BBB63D0E}
		{7FDAB4F3-B0F3-43FE-88FD-EE284E0370AA} = {57E1BCD6-ABC3-46FC-B2D6-5BFC1C08485F}
		{3582D42C-8DAC-4928-8E76-5DEC3544D137} = {7FDAB4F3-B0F3-43FE-88FD-EE284E0370AA}
	EndGlobalSection
	GlobalSection(ExtensibilityGlobals) = postSolution
		SolutionGuid = {C9BCC6AB-C61A-4D18-B4A0-FD377E929669}
	EndGlobalSection
EndGlobal
